{
  "name": "oappauth",
  "version": "1.0.0",
  "lockfileVersion": 3,
  "requires": true,
  "packages": {
    "": {
      "name": "oappauth",
      "version": "1.0.0",
      "license": "ISC",
      "dependencies": {
        "@layerzerolabs/solidity-bytes-utils": "^0.8.0"
      }
    },
    "node_modules/@layerzerolabs/solidity-bytes-utils": {
      "version": "0.8.0",
      "resolved": "https://registry.npmjs.org/@layerzerolabs/solidity-bytes-utils/-/solidity-bytes-utils-0.8.0.tgz",
      "integrity": "sha512-lrqilEQGqcYViMh63vVjjyamwGhOJuqykUv7cad56Epx2vEcJtcKZytw2K4eebUREYpNHpsMNxO9iLmp06aEqg==",
      "license": "MIT"
    }
  }
}
